
Microsoft Visual Studio Solution File, Format Version 12.00
# Visual Studio 15
VisualStudioVersion = 15.0.28307.329
MinimumVisualStudioVersion = 10.0.40219.1
Project("{FAE04EC0-301F-11D3-BF4B-00C04F79EFBC}") = "CIDemo.Android", "CIDemo\CIDemo.Android\CIDemo.Android.csproj", "{616BC6C4-DB9C-447C-A6F2-F5076BAAAA13}"
EndProject
Project("{FAE04EC0-301F-11D3-BF4B-00C04F79EFBC}") = "CIDemo.iOS", "CIDemo\CIDemo.iOS\CIDemo.iOS.csproj", "{293791E7-8710-4675-AE1C-058E0F7E31C7}"
EndProject
Project("{FAE04EC0-301F-11D3-BF4B-00C04F79EFBC}") = "CIDemo", "CIDemo\CIDemo\CIDemo.csproj", "{2C319457-F063-4C2B-A653-6306248FF521}"
EndProject
Global
	GlobalSection(SolutionConfigurationPlatforms) = preSolution
		Ad-Hoc|Any CPU = Ad-Hoc|Any CPU
		Ad-Hoc|iPhone = Ad-Hoc|iPhone
		Ad-Hoc|iPhoneSimulator = Ad-Hoc|iPhoneSimulator
		AppStore|Any CPU = AppStore|Any CPU
		AppStore|iPhone = AppStore|iPhone
		AppStore|iPhoneSimulator = AppStore|iPhoneSimulator
		Debug|Any CPU = Debug|Any CPU
		Debug|iPhone = Debug|iPhone
		Debug|iPhoneSimulator = Debug|iPhoneSimulator
		Release|Any CPU = Release|Any CPU
		Release|iPhone = Release|iPhone
		Release|iPhoneSimulator = Release|iPhoneSimulator
	EndGlobalSection
	GlobalSection(ProjectConfigurationPlatforms) = postSolution
		{616BC6C4-DB9C-447C-A6F2-F5076BAAAA13}.Ad-Hoc|Any CPU.ActiveCfg = Release|Any CPU
		{616BC6C4-DB9C-447C-A6F2-F5076BAAAA13}.Ad-Hoc|Any CPU.Build.0 = Release|Any CPU
		{616BC6C4-DB9C-447C-A6F2-F5076BAAAA13}.Ad-Hoc|Any CPU.Deploy.0 = Release|Any CPU
		{616BC6C4-DB9C-447C-A6F2-F5076BAAAA13}.Ad-Hoc|iPhone.ActiveCfg = Release|Any CPU
		{616BC6C4-DB9C-447C-A6F2-F5076BAAAA13}.Ad-Hoc|iPhone.Build.0 = Release|Any CPU
		{616BC6C4-DB9C-447C-A6F2-F5076BAAAA13}.Ad-Hoc|iPhone.Deploy.0 = Release|Any CPU
		{616BC6C4-DB9C-447C-A6F2-F5076BAAAA13}.Ad-Hoc|iPhoneSimulator.ActiveCfg = Release|Any CPU
		{616BC6C4-DB9C-447C-A6F2-F5076BAAAA13}.Ad-Hoc|iPhoneSimulator.Build.0 = Release|Any CPU
		{616BC6C4-DB9C-447C-A6F2-F5076BAAAA13}.Ad-Hoc|iPhoneSimulator.Deploy.0 = Release|Any CPU
		{616BC6C4-DB9C-447C-A6F2-F5076BAAAA13}.AppStore|Any CPU.ActiveCfg = Release|Any CPU
		{616BC6C4-DB9C-447C-A6F2-F5076BAAAA13}.AppStore|Any CPU.Build.0 = Release|Any CPU
		{616BC6C4-DB9C-447C-A6F2-F5076BAAAA13}.AppStore|Any CPU.Deploy.0 = Release|Any CPU
		{616BC6C4-DB9C-447C-A6F2-F5076BAAAA13}.AppStore|iPhone.ActiveCfg = Release|Any CPU
		{616BC6C4-DB9C-447C-A6F2-F5076BAAAA13}.AppStore|iPhone.Build.0 = Release|Any CPU
		{616BC6C4-DB9C-447C-A6F2-F5076BAAAA13}.AppStore|iPhone.Deploy.0 = Release|Any CPU
		{616BC6C4-DB9C-447C-A6F2-F5076BAAAA13}.AppStore|iPhoneSimulator.ActiveCfg = Release|Any CPU
		{616BC6C4-DB9C-447C-A6F2-F5076BAAAA13}.AppStore|iPhoneSimulator.Build.0 = Release|Any CPU
		{616BC6C4-DB9C-447C-A6F2-F5076BAAAA13}.AppStore|iPhoneSimulator.Deploy.0 = Release|Any CPU
		{616BC6C4-DB9C-447C-A6F2-F5076BAAAA13}.Debug|Any CPU.ActiveCfg = Debug|Any CPU
		{616BC6C4-DB9C-447C-A6F2-F5076BAAAA13}.Debug|Any CPU.Build.0 = Debug|Any CPU
		{616BC6C4-DB9C-447C-A6F2-F5076BAAAA13}.Debug|Any CPU.Deploy.0 = Debug|Any CPU
		{616BC6C4-DB9C-447C-A6F2-F5076BAAAA13}.Debug|iPhone.ActiveCfg = Debug|Any CPU
		{616BC6C4-DB9C-447C-A6F2-F5076BAAAA13}.Debug|iPhone.Build.0 = Debug|Any CPU
		{616BC6C4-DB9C-447C-A6F2-F5076BAAAA13}.Debug|iPhone.Deploy.0 = Debug|Any CPU
		{616BC6C4-DB9C-447C-A6F2-F5076BAAAA13}.Debug|iPhoneSimulator.ActiveCfg = Debug|Any CPU
		{616BC6C4-DB9C-447C-A6F2-F5076BAAAA13}.Debug|iPhoneSimulator.Build.0 = Debug|Any CPU
		{616BC6C4-DB9C-447C-A6F2-F5076BAAAA13}.Debug|iPhoneSimulator.Deploy.0 = Debug|Any CPU
		{616BC6C4-DB9C-447C-A6F2-F5076BAAAA13}.Release|Any CPU.ActiveCfg = Release|Any CPU
		{616BC6C4-DB9C-447C-A6F2-F5076BAAAA13}.Release|Any CPU.Build.0 = Release|Any CPU
		{616BC6C4-DB9C-447C-A6F2-F5076BAAAA13}.Release|Any CPU.Deploy.0 = Release|Any CPU
		{616BC6C4-DB9C-447C-A6F2-F5076BAAAA13}.Release|iPhone.ActiveCfg = Release|Any CPU
		{616BC6C4-DB9C-447C-A6F2-F5076BAAAA13}.Release|iPhone.Build.0 = Release|Any CPU
		{616BC6C4-DB9C-447C-A6F2-F5076BAAAA13}.Release|iPhone.Deploy.0 = Release|Any CPU
		{616BC6C4-DB9C-447C-A6F2-F5076BAAAA13}.Release|iPhoneSimulator.ActiveCfg = Release|Any CPU
		{616BC6C4-DB9C-447C-A6F2-F5076BAAAA13}.Release|iPhoneSimulator.Build.0 = Release|Any CPU
		{616BC6C4-DB9C-447C-A6F2-F5076BAAAA13}.Release|iPhoneSimulator.Deploy.0 = Release|Any CPU
		{293791E7-8710-4675-AE1C-058E0F7E31C7}.Ad-Hoc|Any CPU.ActiveCfg = Ad-Hoc|iPhone
		{293791E7-8710-4675-AE1C-058E0F7E31C7}.Ad-Hoc|Any CPU.Build.0 = Ad-Hoc|iPhone
		{293791E7-8710-4675-AE1C-058E0F7E31C7}.Ad-Hoc|Any CPU.Deploy.0 = Ad-Hoc|iPhone
		{293791E7-8710-4675-AE1C-058E0F7E31C7}.Ad-Hoc|iPhone.ActiveCfg = Ad-Hoc|iPhone
		{293791E7-8710-4675-AE1C-058E0F7E31C7}.Ad-Hoc|iPhone.Build.0 = Ad-Hoc|iPhone
		{293791E7-8710-4675-AE1C-058E0F7E31C7}.Ad-Hoc|iPhone.Deploy.0 = Ad-Hoc|iPhone
		{293791E7-8710-4675-AE1C-058E0F7E31C7}.Ad-Hoc|iPhoneSimulator.ActiveCfg = Ad-Hoc|iPhoneSimulator
		{293791E7-8710-4675-AE1C-058E0F7E31C7}.Ad-Hoc|iPhoneSimulator.Build.0 = Ad-Hoc|iPhoneSimulator
		{293791E7-8710-4675-AE1C-058E0F7E31C7}.Ad-Hoc|iPhoneSimulator.Deploy.0 = Ad-Hoc|iPhoneSimulator
		{293791E7-8710-4675-AE1C-058E0F7E31C7}.AppStore|Any CPU.ActiveCfg = AppStore|iPhone
		{293791E7-8710-4675-AE1C-058E0F7E31C7}.AppStore|Any CPU.Build.0 = AppStore|iPhone
		{293791E7-8710-4675-AE1C-058E0F7E31C7}.AppStore|Any CPU.Deploy.0 = AppStore|iPhone
		{293791E7-8710-4675-AE1C-058E0F7E31C7}.AppStore|iPhone.ActiveCfg = AppStore|iPhone
		{293791E7-8710-4675-AE1C-058E0F7E31C7}.AppStore|iPhone.Build.0 = AppStore|iPhone
		{293791E7-8710-4675-AE1C-058E0F7E31C7}.AppStore|iPhone.Deploy.0 = AppStore|iPhone
		{293791E7-8710-4675-AE1C-058E0F7E31C7}.AppStore|iPhoneSimulator.ActiveCfg = AppStore|iPhoneSimulator
		{293791E7-8710-4675-AE1C-058E0F7E31C7}.AppStore|iPhoneSimulator.Build.0 = AppStore|iPhoneSimulator
		{293791E7-8710-4675-AE1C-058E0F7E31C7}.AppStore|iPhoneSimulator.Deploy.0 = AppStore|iPhoneSimulator
		{293791E7-8710-4675-AE1C-058E0F7E31C7}.Debug|Any CPU.ActiveCfg = Debug|iPhoneSimulator
		{293791E7-8710-4675-AE1C-058E0F7E31C7}.Debug|Any CPU.Build.0 = Debug|iPhoneSimulator
		{293791E7-8710-4675-AE1C-058E0F7E31C7}.Debug|Any CPU.Deploy.0 = Debug|iPhoneSimulator
		{293791E7-8710-4675-AE1C-058E0F7E31C7}.Debug|iPhone.ActiveCfg = Debug|iPhone
		{293791E7-8710-4675-AE1C-058E0F7E31C7}.Debug|iPhone.Build.0 = Debug|iPhone
		{293791E7-8710-4675-AE1C-058E0F7E31C7}.Debug|iPhone.Deploy.0 = Debug|iPhone
		{293791E7-8710-4675-AE1C-058E0F7E31C7}.Debug|iPhoneSimulator.ActiveCfg = Debug|iPhoneSimulator
		{293791E7-8710-4675-AE1C-058E0F7E31C7}.Debug|iPhoneSimulator.Build.0 = Debug|iPhoneSimulator
		{293791E7-8710-4675-AE1C-058E0F7E31C7}.Debug|iPhoneSimulator.Deploy.0 = Debug|iPhoneSimulator
		{293791E7-8710-4675-AE1C-058E0F7E31C7}.Release|Any CPU.ActiveCfg = Release|iPhone
		{293791E7-8710-4675-AE1C-058E0F7E31C7}.Release|Any CPU.Build.0 = Release|iPhone
		{293791E7-8710-4675-AE1C-058E0F7E31C7}.Release|Any CPU.Deploy.0 = Release|iPhone
		{293791E7-8710-4675-AE1C-058E0F7E31C7}.Release|iPhone.ActiveCfg = Release|iPhone
		{293791E7-8710-4675-AE1C-058E0F7E31C7}.Release|iPhone.Build.0 = Release|iPhone
		{293791E7-8710-4675-AE1C-058E0F7E31C7}.Release|iPhone.Deploy.0 = Release|iPhone
		{293791E7-8710-4675-AE1C-058E0F7E31C7}.Release|iPhoneSimulator.ActiveCfg = Release|iPhoneSimulator
		{293791E7-8710-4675-AE1C-058E0F7E31C7}.Release|iPhoneSimulator.Build.0 = Release|iPhoneSimulator
		{293791E7-8710-4675-AE1C-058E0F7E31C7}.Release|iPhoneSimulator.Deploy.0 = Release|iPhoneSimulator
		{2C319457-F063-4C2B-A653-6306248FF521}.Ad-Hoc|Any CPU.ActiveCfg = Debug|Any CPU
		{2C319457-F063-4C2B-A653-6306248FF521}.Ad-Hoc|Any CPU.Build.0 = Debug|Any CPU
		{2C319457-F063-4C2B-A653-6306248FF521}.Ad-Hoc|Any CPU.Deploy.0 = Debug|Any CPU
		{2C319457-F063-4C2B-A653-6306248FF521}.Ad-Hoc|iPhone.ActiveCfg = Debug|Any CPU
		{2C319457-F063-4C2B-A653-6306248FF521}.Ad-Hoc|iPhone.Build.0 = Debug|Any CPU
		{2C319457-F063-4C2B-A653-6306248FF521}.Ad-Hoc|iPhone.Deploy.0 = Debug|Any CPU
		{2C319457-F063-4C2B-A653-6306248FF521}.Ad-Hoc|iPhoneSimulator.ActiveCfg = Debug|Any CPU
		{2C319457-F063-4C2B-A653-6306248FF521}.Ad-Hoc|iPhoneSimulator.Build.0 = Debug|Any CPU
		{2C319457-F063-4C2B-A653-6306248FF521}.Ad-Hoc|iPhoneSimulator.Deploy.0 = Debug|Any CPU
		{2C319457-F063-4C2B-A653-6306248FF521}.AppStore|Any CPU.ActiveCfg = Debug|Any CPU
		{2C319457-F063-4C2B-A653-6306248FF521}.AppStore|Any CPU.Build.0 = Debug|Any CPU
		{2C319457-F063-4C2B-A653-6306248FF521}.AppStore|Any CPU.Deploy.0 = Debug|Any CPU
		{2C319457-F063-4C2B-A653-6306248FF521}.AppStore|iPhone.ActiveCfg = Debug|Any CPU
		{2C319457-F063-4C2B-A653-6306248FF521}.AppStore|iPhone.Build.0 = Debug|Any CPU
		{2C319457-F063-4C2B-A653-6306248FF521}.AppStore|iPhone.Deploy.0 = Debug|Any CPU
		{2C319457-F063-4C2B-A653-6306248FF521}.AppStore|iPhoneSimulator.ActiveCfg = Debug|Any CPU
		{2C319457-F063-4C2B-A653-6306248FF521}.AppStore|iPhoneSimulator.Build.0 = Debug|Any CPU
		{2C319457-F063-4C2B-A653-6306248FF521}.AppStore|iPhoneSimulator.Deploy.0 = Debug|Any CPU
		{2C319457-F063-4C2B-A653-6306248FF521}.Debug|Any CPU.ActiveCfg = Debug|Any CPU
		{2C319457-F063-4C2B-A653-6306248FF521}.Debug|Any CPU.Build.0 = Debug|Any CPU
		{2C319457-F063-4C2B-A653-6306248FF521}.Debug|Any CPU.Deploy.0 = Debug|Any CPU
		{2C319457-F063-4C2B-A653-6306248FF521}.Debug|iPhone.ActiveCfg = Debug|Any CPU
		{2C319457-F063-4C2B-A653-6306248FF521}.Debug|iPhone.Build.0 = Debug|Any CPU
		{2C319457-F063-4C2B-A653-6306248FF521}.Debug|iPhone.Deploy.0 = Debug|Any CPU
		{2C319457-F063-4C2B-A653-6306248FF521}.Debug|iPhoneSimulator.ActiveCfg = Debug|Any CPU
		{2C319457-F063-4C2B-A653-6306248FF521}.Debug|iPhoneSimulator.Build.0 = Debug|Any CPU
		{2C319457-F063-4C2B-A653-6306248FF521}.Debug|iPhoneSimulator.Deploy.0 = Debug|Any CPU
		{2C319457-F063-4C2B-A653-6306248FF521}.Release|Any CPU.ActiveCfg = Release|Any CPU
		{2C319457-F063-4C2B-A653-6306248FF521}.Release|Any CPU.Build.0 = Release|Any CPU
		{2C319457-F063-4C2B-A653-6306248FF521}.Release|Any CPU.Deploy.0 = Release|Any CPU
		{2C319457-F063-4C2B-A653-6306248FF521}.Release|iPhone.ActiveCfg = Release|Any CPU
		{2C319457-F063-4C2B-A653-6306248FF521}.Release|iPhone.Build.0 = Release|Any CPU
		{2C319457-F063-4C2B-A653-6306248FF521}.Release|iPhone.Deploy.0 = Release|Any CPU
		{2C319457-F063-4C2B-A653-6306248FF521}.Release|iPhoneSimulator.ActiveCfg = Release|Any CPU
		{2C319457-F063-4C2B-A653-6306248FF521}.Release|iPhoneSimulator.Build.0 = Release|Any CPU
		{2C319457-F063-4C2B-A653-6306248FF521}.Release|iPhoneSimulator.Deploy.0 = Release|Any CPU
	EndGlobalSection
	GlobalSection(SolutionProperties) = preSolution
		HideSolutionNode = FALSE
	EndGlobalSection
	GlobalSection(ExtensibilityGlobals) = postSolution
		SolutionGuid = {241291AB-27F6-4945-B422-F7E9BFE04B74}
	EndGlobalSection
EndGlobal
